langcode: en
status: false
dependencies:
  module:
    - facets
    - markaspot_blocks
    - system
  theme:
    - seven
id: seven_markaspotstageaddblock
theme: seven
region: content
weight: null
provider: null
plugin: markaspot_base_add_block
settings:
  id: markaspot_base_add_block
  label: 'Markaspot Stage Add block'
  provider: markaspot_blocks
  label_display: '0'
visibility:
  other_facet:
    id: other_facet
    facets: ''
    facet_value: ''
    negate: false
    context_mapping: {  }
  request_path:
    id: request_path
    pages: '<front>'
    negate: false
    context_mapping: {  }
