uuid: 09092016130e2772c9-3840-19416-93d8-772c93840ebd8ef53d8085237e2e109092016
langcode: en
status: true
dependencies:
  module:
    - markaspot_blocks
    - system
  theme:
    - seven
_core:
  default_config_hash: mA0IMJ2PNtzYF_cap4YMhtvVJ1x-WpoeoPs16-T6vcI
id: seven_markaspotstageaddblock
theme: seven
region: content
weight: -8
provider: null
plugin: markaspot_base_add_block
settings:
  id: markaspot_base_add_block
  label: 'Markaspot Stage Add block'
  provider: markaspot_blocks
  label_display: '0'
visibility:
  request_path:
    id: request_path
    pages: '<front>'
    negate: false
    context_mapping: {  }
