uuid: 09092016131d877ce3-51c5-20426-a334-77ce351c5efca2d2334ec05ba878f09092016
langcode: en
status: true
dependencies:
  module:
    - markaspot_blocks
  theme:
    - radix
_core:
  default_config_hash: cwZ6PGOIwuCwgWywUIhyRG9-oIIQZrxo27hpgEKPnXE
id: radix_markaspotstageblock
theme: radix
region: content
weight: null
provider: null
plugin: markaspot_base_block
settings:
  id: markaspot_base_block
  label: 'Markaspot Stage block'
  provider: markaspot_blocks
  label_display: '0'
visibility:
