{
    "_readme": [
        "This file locks the dependencies of your project to a known state",
        "Read more about it at https://getcomposer.org/doc/01-basic-usage.md#composer-lock-the-lock-file",
        "This file is @generated automatically"
    ],
    "hash": "0020daaf82fd8fc1eafc39fd0f1944d8",
    "content-hash": "377fa4db6657151b680222c231618876",
    "packages": [
        {
            "name": "markaspot/api_key_auth",
            "version": "dev-master",
            "source": {
                "type": "git",
                "url": "https://github.com/markaspot/api_key_auth.git",
                "reference": "dfe19e58468e23d3b269c6e019e1b59145f88b9f"
            },
            "dist": {
                "type": "zip",
                "url": "https://api.github.com/repos/markaspot/api_key_auth/zipball/dfe19e58468e23d3b269c6e019e1b59145f88b9f",
                "reference": "dfe19e58468e23d3b269c6e019e1b59145f88b9f",
                "shasum": ""
            },
            "type": "drupal-module",
            "notification-url": "https://packagist.org/downloads/",
            "authors": [
                {
                    "name": "Holger Kreis (markaspot)",
                    "homepage": "https://www.drupal.org/u/markaspot",
                    "role": "Maintainer"
                }
            ],
            "description": "API Key Authentication Provider for Drupal 8 Rest Resources",
            "homepage": "https://github.com/markaspot/api_key_auth",
            "time": "2016-05-27 15:03:11"
        }
    ],
    "packages-dev": [],
    "aliases": [],
    "minimum-stability": "stable",
    "stability-flags": {
        "markaspot/api_key_auth": 20
    },
    "prefer-stable": false,
    "prefer-lowest": false,
    "platform": [],
    "platform-dev": []
}
