uuid: 1b7938d6-cfa1-41d8-9443-26d74314d4c6
langcode: en
status: false
dependencies:
  module:
    - markaspot_blocks
  theme:
    - mas_custom
_core:
  default_config_hash: null
id: mas_custom_markaspotbuiltwithblock
theme: mas_custom
region: header
weight: -8
provider: null
plugin: 'Markaspot Built With Block'
settings:
  id: 'Markaspot Built With Block'
  label: 'Mark-a-Spot: Built With block'
  label_display: '0'
  provider: markaspot_blocks
  logo-invert: 1
visibility: {  }
