uuid: 783a9cdc-3f97-20105-9e2b-a9cdb3f977e896bde2bc157e9c750
langcode: en
status: true
dependencies:
  content:
    - 'block_content:mas_custom:9fdfdd05-9829-17231-afad-fdd059829c34f502fad755e059be9'
  module:
    - block_content
    - system
  theme:
    - masradix
id: 'masradix_add-block'
theme: masradix
region: content
weight: -3
provider: null
plugin: 'block_content:9fdfdd05-9829-17231-afad-fdd059829c34f502fad755e059be9'
settings:
  id: 'block_content:9fdfdd05-9829-17231-afad-fdd059829c34f502fad755e059be9'
  label: 'Add block'
  provider: block_content
  label_display: '0'
  status: true
  info: ''
  view_mode: full
visibility:
  request_path:
    id: request_path
    pages: ''
    negate: true
    context_mapping: {  }
