langcode: en
status: true
dependencies:
  module:
    - markaspot_blocks
  theme:
    - masradix
id: markaspotsideactionblock
theme: masradix
region: footer
weight: 0
provider: null
plugin: markaspot_side_block
settings:
  id: markaspot_side_block
  label: 'Markaspot Side Action block'
  provider: markaspot_blocks
  label_display: '0'
visibility: {  }
