langcode: en
status: true
dependencies:
  module:
    - markaspot_blocks
  theme:
    - masradix
id: markaspotbuiltwithblock
theme: masradix
region: footer
weight: 0
provider: null
plugin: 'Markaspot Built With Block'
settings:
  id: 'Markaspot Built With Block'
  label: 'Mark-a-Spot: Built With block'
  provider: markaspot_blocks
  label_display: '0'
visibility: {  }
