langcode: en
status: false
dependencies:
  module:
    - markaspot_blocks
  theme:
    - seven
id: seven_markaspotstageblock
theme: seven
region: '-1'
weight: null
provider: null
plugin: markaspot_base_block
settings:
  id: markaspot_base_block
  label: 'Markaspot Stage block'
  provider: markaspot_blocks
  label_display: '0'
visibility: {  }
